
Microsoft Visual Studio Solution File, Format Version 12.00
# Visual Studio 2013
VisualStudioVersion = 12.0.31101.0
MinimumVisualStudioVersion = 10.0.40219.1
Project("{FAE04EC0-301F-11D3-BF4B-00C04F79EFBC}") = "DesignPatternsDemo", "DesignPatternsDemo\DesignPatternsDemo.csproj", "{2327899E-2C12-42FD-A734-6068E3842CC1}"
EndProject
Project("{FAE04EC0-301F-11D3-BF4B-00C04F79EFBC}") = "WinformDemo", "WinformDemo\WinformDemo.csproj", "{24325320-4C90-4255-9BB9-B38CFB231BDF}"
EndProject
Global
	GlobalSection(SolutionConfigurationPlatforms) = preSolution
		Debug|Any CPU = Debug|Any CPU
		Release|Any CPU = Release|Any CPU
	EndGlobalSection
	GlobalSection(ProjectConfigurationPlatforms) = postSolution
		{2327899E-2C12-42FD-A734-6068E3842CC1}.Debug|Any CPU.ActiveCfg = Debug|Any CPU
		{2327899E-2C12-42FD-A734-6068E3842CC1}.Debug|Any CPU.Build.0 = Debug|Any CPU
		{2327899E-2C12-42FD-A734-6068E3842CC1}.Release|Any CPU.ActiveCfg = Release|Any CPU
		{2327899E-2C12-42FD-A734-6068E3842CC1}.Release|Any CPU.Build.0 = Release|Any CPU
		{24325320-4C90-4255-9BB9-B38CFB231BDF}.Debug|Any CPU.ActiveCfg = Debug|Any CPU
		{24325320-4C90-4255-9BB9-B38CFB231BDF}.Debug|Any CPU.Build.0 = Debug|Any CPU
		{24325320-4C90-4255-9BB9-B38CFB231BDF}.Release|Any CPU.ActiveCfg = Release|Any CPU
		{24325320-4C90-4255-9BB9-B38CFB231BDF}.Release|Any CPU.Build.0 = Release|Any CPU
	EndGlobalSection
	GlobalSection(SolutionProperties) = preSolution
		HideSolutionNode = FALSE
	EndGlobalSection
EndGlobal
